
Microsoft Visual Studio Solution File, Format Version 12.00
# Visual Studio Version 17
VisualStudioVersion = 17.5.33424.131
MinimumVisualStudioVersion = 10.0.40219.1
Project("{9A19103F-16F7-4668-BE54-9A1E7A4F7556}") = "ImageConverter", "ImageConverter\ImageConverter.csproj", "{A38F8D8D-878F-46E6-9F89-CAAC577E79A9}"
EndProject
Project("{9A19103F-16F7-4668-BE54-9A1E7A4F7556}") = "ImageConverter.Tests", "ImageConverter.Tests\ImageConverter.Tests.csproj", "{CFFA7770-45B1-49E3-8ABC-DD86116B92C6}"
EndProject
Project("{2150E333-8FDC-42A3-9474-1A3956D46DE8}") = "Plugins", "Plugins", "{2D54D2B3-9E53-4C22-AB8B-43C43445B20F}"
EndProject
Project("{FAE04EC0-301F-11D3-BF4B-00C04F79EFBC}") = "ImageConverter.Common", "ImageConverter.Common\ImageConverter.Common.csproj", "{B8ADB3BE-D9E4-402C-BD06-E95999608E96}"
EndProject
Project("{FAE04EC0-301F-11D3-BF4B-00C04F79EFBC}") = "Reader.Ppm", "Reader.Ppm\Reader.Ppm.csproj", "{AC36DA14-E177-44D9-AC54-15096EA1C5B7}"
EndProject
Project("{FAE04EC0-301F-11D3-BF4B-00C04F79EFBC}") = "Writer.Ppm", "Writer.Ppm\Writer.Ppm.csproj", "{2A7E4086-5ED5-4509-B489-D06F74EB997A}"
EndProject
Project("{FAE04EC0-301F-11D3-BF4B-00C04F79EFBC}") = "Reader.Gif", "Reader.Gif\Reader.Gif.csproj", "{8C77834B-E0A7-431C-88DF-2A5848844088}"
EndProject
Project("{FAE04EC0-301F-11D3-BF4B-00C04F79EFBC}") = "Bmp.Common", "Bmp.Common\Bmp.Common.csproj", "{F427C642-E823-4A5B-9EC8-C2D9FF84B5C0}"
EndProject
Project("{FAE04EC0-301F-11D3-BF4B-00C04F79EFBC}") = "Reader.Bmp", "Reader.Bmp\Reader.Bmp.csproj", "{DA6B9984-3B7A-4E6D-A274-5B05F166D375}"
EndProject
Project("{FAE04EC0-301F-11D3-BF4B-00C04F79EFBC}") = "Writer.Bmp", "Writer.Bmp\Writer.Bmp.csproj", "{30DF7503-2993-4D6D-A9C3-ABF6A2514715}"
EndProject
Project("{2150E333-8FDC-42A3-9474-1A3956D46DE8}") = "Abuba", "Abuba", "{F7E3213E-0A8D-4F57-9473-B78AC3ADFC4D}"
EndProject
Global
	GlobalSection(SolutionConfigurationPlatforms) = preSolution
		Debug|Any CPU = Debug|Any CPU
		Release|Any CPU = Release|Any CPU
	EndGlobalSection
	GlobalSection(ProjectConfigurationPlatforms) = postSolution
		{A38F8D8D-878F-46E6-9F89-CAAC577E79A9}.Debug|Any CPU.ActiveCfg = Debug|Any CPU
		{A38F8D8D-878F-46E6-9F89-CAAC577E79A9}.Debug|Any CPU.Build.0 = Debug|Any CPU
		{A38F8D8D-878F-46E6-9F89-CAAC577E79A9}.Release|Any CPU.ActiveCfg = Release|Any CPU
		{A38F8D8D-878F-46E6-9F89-CAAC577E79A9}.Release|Any CPU.Build.0 = Release|Any CPU
		{CFFA7770-45B1-49E3-8ABC-DD86116B92C6}.Debug|Any CPU.ActiveCfg = Debug|Any CPU
		{CFFA7770-45B1-49E3-8ABC-DD86116B92C6}.Debug|Any CPU.Build.0 = Debug|Any CPU
		{CFFA7770-45B1-49E3-8ABC-DD86116B92C6}.Release|Any CPU.ActiveCfg = Release|Any CPU
		{CFFA7770-45B1-49E3-8ABC-DD86116B92C6}.Release|Any CPU.Build.0 = Release|Any CPU
		{B8ADB3BE-D9E4-402C-BD06-E95999608E96}.Debug|Any CPU.ActiveCfg = Debug|Any CPU
		{B8ADB3BE-D9E4-402C-BD06-E95999608E96}.Debug|Any CPU.Build.0 = Debug|Any CPU
		{B8ADB3BE-D9E4-402C-BD06-E95999608E96}.Release|Any CPU.ActiveCfg = Release|Any CPU
		{B8ADB3BE-D9E4-402C-BD06-E95999608E96}.Release|Any CPU.Build.0 = Release|Any CPU
		{AC36DA14-E177-44D9-AC54-15096EA1C5B7}.Debug|Any CPU.ActiveCfg = Debug|Any CPU
		{AC36DA14-E177-44D9-AC54-15096EA1C5B7}.Debug|Any CPU.Build.0 = Debug|Any CPU
		{AC36DA14-E177-44D9-AC54-15096EA1C5B7}.Release|Any CPU.ActiveCfg = Release|Any CPU
		{AC36DA14-E177-44D9-AC54-15096EA1C5B7}.Release|Any CPU.Build.0 = Release|Any CPU
		{2A7E4086-5ED5-4509-B489-D06F74EB997A}.Debug|Any CPU.ActiveCfg = Debug|Any CPU
		{2A7E4086-5ED5-4509-B489-D06F74EB997A}.Debug|Any CPU.Build.0 = Debug|Any CPU
		{2A7E4086-5ED5-4509-B489-D06F74EB997A}.Release|Any CPU.ActiveCfg = Release|Any CPU
		{2A7E4086-5ED5-4509-B489-D06F74EB997A}.Release|Any CPU.Build.0 = Release|Any CPU
		{8C77834B-E0A7-431C-88DF-2A5848844088}.Debug|Any CPU.ActiveCfg = Debug|Any CPU
		{8C77834B-E0A7-431C-88DF-2A5848844088}.Debug|Any CPU.Build.0 = Debug|Any CPU
		{8C77834B-E0A7-431C-88DF-2A5848844088}.Release|Any CPU.ActiveCfg = Release|Any CPU
		{8C77834B-E0A7-431C-88DF-2A5848844088}.Release|Any CPU.Build.0 = Release|Any CPU
		{F427C642-E823-4A5B-9EC8-C2D9FF84B5C0}.Debug|Any CPU.ActiveCfg = Debug|Any CPU
		{F427C642-E823-4A5B-9EC8-C2D9FF84B5C0}.Debug|Any CPU.Build.0 = Debug|Any CPU
		{F427C642-E823-4A5B-9EC8-C2D9FF84B5C0}.Release|Any CPU.ActiveCfg = Release|Any CPU
		{F427C642-E823-4A5B-9EC8-C2D9FF84B5C0}.Release|Any CPU.Build.0 = Release|Any CPU
		{DA6B9984-3B7A-4E6D-A274-5B05F166D375}.Debug|Any CPU.ActiveCfg = Debug|Any CPU
		{DA6B9984-3B7A-4E6D-A274-5B05F166D375}.Debug|Any CPU.Build.0 = Debug|Any CPU
		{DA6B9984-3B7A-4E6D-A274-5B05F166D375}.Release|Any CPU.ActiveCfg = Release|Any CPU
		{DA6B9984-3B7A-4E6D-A274-5B05F166D375}.Release|Any CPU.Build.0 = Release|Any CPU
		{30DF7503-2993-4D6D-A9C3-ABF6A2514715}.Debug|Any CPU.ActiveCfg = Debug|Any CPU
		{30DF7503-2993-4D6D-A9C3-ABF6A2514715}.Debug|Any CPU.Build.0 = Debug|Any CPU
		{30DF7503-2993-4D6D-A9C3-ABF6A2514715}.Release|Any CPU.ActiveCfg = Release|Any CPU
		{30DF7503-2993-4D6D-A9C3-ABF6A2514715}.Release|Any CPU.Build.0 = Release|Any CPU
	EndGlobalSection
	GlobalSection(SolutionProperties) = preSolution
		HideSolutionNode = FALSE
	EndGlobalSection
	GlobalSection(NestedProjects) = preSolution
		{B8ADB3BE-D9E4-402C-BD06-E95999608E96} = {2D54D2B3-9E53-4C22-AB8B-43C43445B20F}
		{AC36DA14-E177-44D9-AC54-15096EA1C5B7} = {2D54D2B3-9E53-4C22-AB8B-43C43445B20F}
		{2A7E4086-5ED5-4509-B489-D06F74EB997A} = {2D54D2B3-9E53-4C22-AB8B-43C43445B20F}
		{8C77834B-E0A7-431C-88DF-2A5848844088} = {2D54D2B3-9E53-4C22-AB8B-43C43445B20F}
		{F427C642-E823-4A5B-9EC8-C2D9FF84B5C0} = {2D54D2B3-9E53-4C22-AB8B-43C43445B20F}
		{DA6B9984-3B7A-4E6D-A274-5B05F166D375} = {2D54D2B3-9E53-4C22-AB8B-43C43445B20F}
		{30DF7503-2993-4D6D-A9C3-ABF6A2514715} = {2D54D2B3-9E53-4C22-AB8B-43C43445B20F}
	EndGlobalSection
	GlobalSection(ExtensibilityGlobals) = postSolution
		SolutionGuid = {E00D536F-A24D-4B82-A7CB-5C32FB55C531}
	EndGlobalSection
EndGlobal
